github.com/gorilla/websocket v1.4.2 h1:+/TMaTYc4QFitKJxsQ7Yye35DkWvkdLcvGKqM+x0Ufc=
github.com/gorilla/websocket v1.4.2/go.mod h1:YR8l580nyteQvAITg2hZ9XVh4b55+EU/adAjf1fMHhE=
github.com/graph-gophers/graphql-transport-ws v0.0.0-20190611222414-40c048432299 h1:BdXUpuP9yOGKcwD/mhhZ+6EeAmrPrAQA3yeq4YEOHL4=
github.com/graph-gophers/graphql-transport-ws v0.0.0-20190611222414-40c048432299/go.mod h1:mA6VjyefgI7zd37tC3zopb51mW39gSfnEoWvtnxsqKQ=
github.com/graphql-go/handler v0.2.3 h1:CANh8WPnl5M9uA25c2GBhPqJhE53Fg0Iue/fRNla71E=
github.com/graphql-go/handler v0.2.3/go.mod h1:leLF6RpV5uZMN1CdImAxuiayrYYhOk33bZciaUGaXeU=
github.com/remorses/graphql v0.7.9-0.20200518180521-183515e8badf h1:/Lf3wTAJOZdd/RYmrWFIefcLQS5G1FvgmoJ2/loFdRk=
github.com/remorses/graphql v0.7.9-0.20200518180521-183515e8badf/go.mod h1:nKiHzRM0qopJEwCITUuIsxk9PlVlwIiiI8pnJEhordQ=
github.com/remorses/graphql v0.7.9-0.20200519101133-eb0fdaee1058 h1:fej5S2XMjfcjzn3dKo4SyBmZt2eqtoWwG9ESdGL5I3o=
github.com/remorses/graphql v0.7.9-0.20200519101133-eb0fdaee1058/go.mod h1:nKiHzRM0qopJEwCITUuIsxk9PlVlwIiiI8pnJEhordQ=
